// !$*UTF8*$!
{
	archiveVersion = 1;
	classes = {
	};
	objectVersion = 48;
	objects = {

/* Begin PBXBuildFile section */
		D409611A206576EA00C3F256 /* MasterViewController.swift in Sources */ = {isa = PBXBuildFile; fileRef = D4096119206576EA00C3F256 /* MasterViewController.swift */; };
		D47EB13C205DE3D9003184EF /* AppDelegate.swift in Sources */ = {isa = PBXBuildFile; fileRef = D47EB13B205DE3D9003184EF /* AppDelegate.swift */; };
		D47EB141205DE3D9003184EF /* Main.storyboard in Resources */ = {isa = PBXBuildFile; fileRef = D47EB13F205DE3D9003184EF /* Main.storyboard */; };
		D47EB143205DE3D9003184EF /* Assets.xcassets in Resources */ = {isa = PBXBuildFile; fileRef = D47EB142205DE3D9003184EF /* Assets.xcassets */; };
		D47EB146205DE3D9003184EF /* LaunchScreen.storyboard in Resources */ = {isa = PBXBuildFile; fileRef = D47EB144205DE3D9003184EF /* LaunchScreen.storyboard */; };
		D47EB150205DE43F003184EF /* DetailViewController.swift in Sources */ = {isa = PBXBuildFile; fileRef = D47EB14F205DE43F003184EF /* DetailViewController.swift */; };
/* End PBXBuildFile section */

/* Begin PBXFileReference section */
		D4096119206576EA00C3F256 /* MasterViewController.swift */ = {isa = PBXFileReference; lastKnownFileType = sourcecode.swift; path = MasterViewController.swift; sourceTree = "<group>"; };
		D47EB138205DE3D9003184EF /* SplitViewDemo.app */ = {isa = PBXFileReference; explicitFileType = wrapper.application; includeInIndex = 0; path = SplitViewDemo.app; sourceTree = BUILT_PRODUCTS_DIR; };
		D47EB13B205DE3D9003184EF /* AppDelegate.swift */ = {isa = PBXFileReference; lastKnownFileType = sourcecode.swift; path = AppDelegate.swift; sourceTree = "<group>"; };
		D47EB140205DE3D9003184EF /* Base */ = {isa = PBXFileReference; lastKnownFileType = file.storyboard; name = Base; path = Base.lproj/Main.storyboard; sourceTree = "<group>"; };
		D47EB142205DE3D9003184EF /* Assets.xcassets */ = {isa = PBXFileReference; lastKnownFileType = folder.assetcatalog; path = Assets.xcassets; sourceTree = "<group>"; };
		D47EB145205DE3D9003184EF /* Base */ = {isa = PBXFileReference; lastKnownFileType = file.storyboard; name = Base; path = Base.lproj/LaunchScreen.storyboard; sourceTree = "<group>"; };
		D47EB147205DE3D9003184EF /* Info.plist */ = {isa = PBXFileReference; lastKnownFileType = text.plist.xml; path = Info.plist; sourceTree = "<group>"; };
		D47EB14F205DE43F003184EF /* DetailViewController.swift */ = {isa = PBXFileReference; lastKnownFileType = sourcecode.swift; path = DetailViewController.swift; sourceTree = "<group>"; };
/* End PBXFileReference section */

/* Begin PBXFrameworksBuildPhase section */
		D47EB135205DE3D9003184EF /* Frameworks */ = {
			isa = PBXFrameworksBuildPhase;
			buildActionMask = 2147483647;
			files = (
			);
			runOnlyForDeploymentPostprocessing = 0;
		};
/* End PBXFrameworksBuildPhase section */

/* Begin PBXGroup section */
		D47EB12F205DE3D9003184EF = {
			isa = PBXGroup;
			children = (
				D47EB13A205DE3D9003184EF /* SplitViewDemo */,
				D47EB139205DE3D9003184EF /* Products */,
			);
			sourceTree = "<group>";
		};
		D47EB139205DE3D9003184EF /* Products */ = {
			isa = PBXGroup;
			children = (
				D47EB138205DE3D9003184EF /* SplitViewDemo.app */,
			);
			name = Products;
			sourceTree = "<group>";
		};
		D47EB13A205DE3D9003184EF /* SplitViewDemo */ = {
			isa = PBXGroup;
			children = (
				D47EB13B205DE3D9003184EF /* AppDelegate.swift */,
				D47EB14F205DE43F003184EF /* DetailViewController.swift */,
				D47EB13F205DE3D9003184EF /* Main.storyboard */,
				D47EB142205DE3D9003184EF /* Assets.xcassets */,
				D47EB144205DE3D9003184EF /* LaunchScreen.storyboard */,
				D47EB147205DE3D9003184EF /* Info.plist */,
				D4096119206576EA00C3F256 /* MasterViewController.swift */,
			);
			path = SplitViewDemo;
			sourceTree = "<group>";
		};
/* End PBXGroup section */

/* Begin PBXNativeTarget section */
		D47EB137205DE3D9003184EF /* SplitViewDemo */ = {
			isa = PBXNativeTarget;
			buildConfigurationList = D47EB14A205DE3D9003184EF /* Build configuration list for PBXNativeTarget "SplitViewDemo" */;
			buildPhases = (
				D47EB134205DE3D9003184EF /* Sources */,
				D47EB135205DE3D9003184EF /* Frameworks */,
				D47EB136205DE3D9003184EF /* Resources */,
			);
			buildRules = (
			);
			dependencies = (
			);
			name = SplitViewDemo;
			productName = SplitViewDemo;
			productReference = D47EB138205DE3D9003184EF /* SplitViewDemo.app */;
			productType = "com.apple.product-type.application";
		};
/* End PBXNativeTarget section */

/* Begin PBXProject section */
		D47EB130205DE3D9003184EF /* Project object */ = {
			isa = PBXProject;
			attributes = {
				LastSwiftUpdateCheck = 0920;
				LastUpgradeCheck = 0920;
				ORGANIZATIONNAME = "Mohamed Sobhi Fouda";
				TargetAttributes = {
					D47EB137205DE3D9003184EF = {
						CreatedOnToolsVersion = 9.2;
						ProvisioningStyle = Automatic;
					};
				};
			};
			buildConfigurationList = D47EB133205DE3D9003184EF /* Build configuration list for PBXProject "SplitViewDemo" */;
			compatibilityVersion = "Xcode 8.0";
			developmentRegion = en;
			hasScannedForEncodings = 0;
			knownRegions = (
				en,
				Base,
			);
			mainGroup = D47EB12F205DE3D9003184EF;
			productRefGroup = D47EB139205DE3D9003184EF /* Products */;
			projectDirPath = "";
			projectRoot = "";
			targets = (
				D47EB137205DE3D9003184EF /* SplitViewDemo */,
			);
		};
/* End PBXProject section */

/* Begin PBXResourcesBuildPhase section */
		D47EB136205DE3D9003184EF /* Resources */ = {
			isa = PBXResourcesBuildPhase;
			buildActionMask = 2147483647;
			files = (
				D47EB146205DE3D9003184EF /* LaunchScreen.storyboard in Resources */,
				D47EB143205DE3D9003184EF /* Assets.xcassets in Resources */,
				D47EB141205DE3D9003184EF /* Main.storyboard in Resources */,
			);
			runOnlyForDeploymentPostprocessing = 0;
		};
/* End PBXResourcesBuildPhase section */

/* Begin PBXSourcesBuildPhase section */
		D47EB134205DE3D9003184EF /* Sources */ = {
			isa = PBXSourcesBuildPhase;
			buildActionMask = 2147483647;
			files = (
				D47EB150205DE43F003184EF /* DetailViewController.swift in Sources */,
				D47EB13C205DE3D9003184EF /* AppDelegate.swift in Sources */,
				D409611A206576EA00C3F256 /* MasterViewController.swift in Sources */,
			);
			runOnlyForDeploymentPostprocessing = 0;
		};
/* End PBXSourcesBuildPhase section */

/* Begin PBXVariantGroup section */
		D47EB13F205DE3D9003184EF /* Main.storyboard */ = {
			isa = PBXVariantGroup;
			children = (
				D47EB140205DE3D9003184EF /* Base */,
			);
			name = Main.storyboard;
			sourceTree = "<group>";
		};
		D47EB144205DE3D9003184EF /* LaunchScreen.storyboard */ = {
			isa = PBXVariantGroup;
			children = (
				D47EB145205DE3D9003184EF /* Base */,
			);
			name = LaunchScreen.storyboard;
			sourceTree = "<group>";
		};
/* End PBXVariantGroup section */

/* Begin XCBuildConfiguration section */
		D47EB148205DE3D9003184EF /* Debug */ = {
			isa = XCBuildConfiguration;
			buildSettings = {
				ALWAYS_SEARCH_USER_PATHS = NO;
				CLANG_ANALYZER_NONNULL = YES;
				CLANG_ANALYZER_NUMBER_OBJECT_CONVERSION = YES_AGGRESSIVE;
				CLANG_CXX_LANGUAGE_STANDARD = "gnu++14";
				CLANG_CXX_LIBRARY = "libc++";
				CLANG_ENABLE_MODULES = YES;
				CLANG_ENABLE_OBJC_ARC = YES;
				CLANG_WARN_BLOCK_CAPTURE_AUTORELEASING = YES;
				CLANG_WARN_BOOL_CONVERSION = YES;
				CLANG_WARN_COMMA = YES;
				CLANG_WARN_CONSTANT_CONVERSION = YES;
				CLANG_WARN_DIRECT_OBJC_ISA_USAGE = YES_ERROR;
				CLANG_WARN_DOCUMENTATION_COMMENTS = YES;
				CLANG_WARN_EMPTY_BODY = YES;
				CLANG_WARN_ENUM_CONVERSION = YES;
				CLANG_WARN_INFINITE_RECURSION = YES;
				CLANG_WARN_INT_CONVERSION = YES;
				CLANG_WARN_NON_LITERAL_NULL_CONVERSION = YES;
				CLANG_WARN_OBJC_LITERAL_CONVERSION = YES;
				CLANG_WARN_OBJC_ROOT_CLASS = YES_ERROR;
				CLANG_WARN_RANGE_LOOP_ANALYSIS = YES;
				CLANG_WARN_STRICT_PROTOTYPES = YES;
				CLANG_WARN_SUSPICIOUS_MOVE = YES;
				CLANG_WARN_UNGUARDED_AVAILABILITY = YES_AGGRESSIVE;
				CLANG_WARN_UNREACHABLE_CODE = YES;
				CLANG_WARN__DUPLICATE_METHOD_MATCH = YES;
				CODE_SIGN_IDENTITY = "iPhone Developer";
				COPY_PHASE_STRIP = NO;
				DEBUG_INFORMATION_FORMAT = dwarf;
				ENABLE_STRICT_OBJC_MSGSEND = YES;
				ENABLE_TESTABILITY = YES;
				GCC_C_LANGUAGE_STANDARD = gnu11;
				GCC_DYNAMIC_NO_PIC = NO;
				GCC_NO_COMMON_BLOCKS = YES;
				GCC_OPTIMIZATION_LEVEL = 0;
				GCC_PREPROCESSOR_DEFINITIONS = (
					"DEBUG=1",
					"$(inherited)",
				);
				GCC_WARN_64_TO_32_BIT_CONVERSION = YES;
				GCC_WARN_ABOUT_RETURN_TYPE = YES_ERROR;
				GCC_WARN_UNDECLARED_SELECTOR = YES;
				GCC_WARN_UNINITIALIZED_AUTOS = YES_AGGRESSIVE;
				GCC_WARN_UNUSED_FUNCTION = YES;
				GCC_WARN_UNUSED_VARIABLE = YES;
				IPHONEOS_DEPLOYMENT_TARGET = 11.2;
				MTL_ENABLE_DEBUG_INFO = YES;
				ONLY_ACTIVE_ARCH = YES;
				SDKROOT = iphoneos;
				SWIFT_ACTIVE_COMPILATION_CONDITIONS = DEBUG;
				SWIFT_OPTIMIZATION_LEVEL = "-Onone";
			};
			name = Debug;
		};
		D47EB149205DE3D9003184EF /* Release */ = {
			isa = XCBuildConfiguration;
			buildSettings = {
				ALWAYS_SEARCH_USER_PATHS = NO;
				CLANG_ANALYZER_NONNULL = YES;
				CLANG_ANALYZER_NUMBER_OBJECT_CONVERSION = YES_AGGRESSIVE;
				CLANG_CXX_LANGUAGE_STANDARD = "gnu++14";
				CLANG_CXX_LIBRARY = "libc++";
				CLANG_ENABLE_MODULES = YES;
				CLANG_ENABLE_OBJC_ARC = YES;
				CLANG_WARN_BLOCK_CAPTURE_AUTORELEASING = YES;
				CLANG_WARN_BOOL_CONVERSION = YES;
				CLANG_WARN_COMMA = YES;
				CLANG_WARN_CONSTANT_CONVERSION = YES;
				CLANG_WARN_DIRECT_OBJC_ISA_USAGE = YES_ERROR;
				CLANG_WARN_DOCUMENTATION_COMMENTS = YES;
				CLANG_WARN_EMPTY_BODY = YES;
				CLANG_WARN_ENUM_CONVERSION = YES;
				CLANG_WARN_INFINITE_RECURSION = YES;
				CLANG_WARN_INT_CONVERSION = YES;
				CLANG_WARN_NON_LITERAL_NULL_CONVERSION = YES;
				CLANG_WARN_OBJC_LITERAL_CONVERSION = YES;
				CLANG_WARN_OBJC_ROOT_CLASS = YES_ERROR;
				CLANG_WARN_RANGE_LOOP_ANALYSIS = YES;
				CLANG_WARN_STRICT_PROTOTYPES = YES;
				CLANG_WARN_SUSPICIOUS_MOVE = YES;
				CLANG_WARN_UNGUARDED_AVAILABILITY = YES_AGGRESSIVE;
				CLANG_WARN_UNREACHABLE_CODE = YES;
				CLANG_WARN__DUPLICATE_METHOD_MATCH = YES;
				CODE_SIGN_IDENTITY = "iPhone Developer";
				COPY_PHASE_STRIP = NO;
				DEBUG_INFORMATION_FORMAT = "dwarf-with-dsym";
				ENABLE_NS_ASSERTIONS = NO;
				ENABLE_STRICT_OBJC_MSGSEND = YES;
				GCC_C_LANGUAGE_STANDARD = gnu11;
				GCC_NO_COMMON_BLOCKS = YES;
				GCC_WARN_64_TO_32_BIT_CONVERSION = YES;
				GCC_WARN_ABOUT_RETURN_TYPE = YES_ERROR;
				GCC_WARN_UNDECLARED_SELECTOR = YES;
				GCC_WARN_UNINITIALIZED_AUTOS = YES_AGGRESSIVE;
				GCC_WARN_UNUSED_FUNCTION = YES;
				GCC_WARN_UNUSED_VARIABLE = YES;
				IPHONEOS_DEPLOYMENT_TARGET = 11.2;
				MTL_ENABLE_DEBUG_INFO = NO;
				SDKROOT = iphoneos;
				SWIFT_OPTIMIZATION_LEVEL = "-Owholemodule";
				VALIDATE_PRODUCT = YES;
			};
			name = Release;
		};
		D47EB14B205DE3D9003184EF /* Debug */ = {
			isa = XCBuildConfiguration;
			buildSettings = {
				ASSETCATALOG_COMPILER_APPICON_NAME = AppIcon;
				CODE_SIGN_STYLE = Automatic;
				DEVELOPMENT_TEAM = NB6843XNJU;
				INFOPLIST_FILE = SplitViewDemo/Info.plist;
				LD_RUNPATH_SEARCH_PATHS = "$(inherited) @executable_path/Frameworks";
				PRODUCT_BUNDLE_IDENTIFIER = mrsobhi.SplitViewDemo;
				PRODUCT_NAME = "$(TARGET_NAME)";
				SWIFT_VERSION = 4.0;
				TARGETED_DEVICE_FAMILY = "1,2";
			};
			name = Debug;
		};
		D47EB14C205DE3D9003184EF /* Release */ = {
			isa = XCBuildConfiguration;
			buildSettings = {
				ASSETCATALOG_COMPILER_APPICON_NAME = AppIcon;
				CODE_SIGN_STYLE = Automatic;
				DEVELOPMENT_TEAM = NB6843XNJU;
				INFOPLIST_FILE = SplitViewDemo/Info.plist;
				LD_RUNPATH_SEARCH_PATHS = "$(inherited) @executable_path/Frameworks";
				PRODUCT_BUNDLE_IDENTIFIER = mrsobhi.SplitViewDemo;
				PRODUCT_NAME = "$(TARGET_NAME)";
				SWIFT_VERSION = 4.0;
				TARGETED_DEVICE_FAMILY = "1,2";
			};
			name = Release;
		};
/* End XCBuildConfiguration section */

/* Begin XCConfigurationList section */
		D47EB133205DE3D9003184EF /* Build configuration list for PBXProject "SplitViewDemo" */ = {
			isa = XCConfigurationList;
			buildConfigurations = (
				D47EB148205DE3D9003184EF /* Debug */,
				D47EB149205DE3D9003184EF /* Release */,
			);
			defaultConfigurationIsVisible = 0;
			defaultConfigurationName = Release;
		};
		D47EB14A205DE3D9003184EF /* Build configuration list for PBXNativeTarget "SplitViewDemo" */ = {
			isa = XCConfigurationList;
			buildConfigurations = (
				D47EB14B205DE3D9003184EF /* Debug */,
				D47EB14C205DE3D9003184EF /* Release */,
			);
			defaultConfigurationIsVisible = 0;
			defaultConfigurationName = Release;
		};
/* End XCConfigurationList section */
	};
	rootObject = D47EB130205DE3D9003184EF /* Project object */;
}
